
Microsoft Visual Studio Solution File, Format Version 12.00
# Visual Studio Version 17
VisualStudioVersion = 17.11.35312.102
MinimumVisualStudioVersion = 10.0.40219.1
Project("{8BC9CEB8-8B4A-11D0-8D11-00A0C91BC942}") = "Project1", "Project1\Project1.vcxproj", "{5DD5E82F-E77A-4D73-B380-FA8727D8AEBE}"
EndProject
Global
	GlobalSection(SolutionConfigurationPlatforms) = preSolution
		Debug|x64 = Debug|x64
		Debug|x86 = Debug|x86
		Release|x64 = Release|x64
		Release|x86 = Release|x86
	EndGlobalSection
	GlobalSection(ProjectConfigurationPlatforms) = postSolution
		{5DD5E82F-E77A-4D73-B380-FA8727D8AEBE}.Debug|x64.ActiveCfg = Debug|x64
		{5DD5E82F-E77A-4D73-B380-FA8727D8AEBE}.Debug|x64.Build.0 = Debug|x64
		{5DD5E82F-E77A-4D73-B380-FA8727D8AEBE}.Debug|x86.ActiveCfg = Debug|Win32
		{5DD5E82F-E77A-4D73-B380-FA8727D8AEBE}.Debug|x86.Build.0 = Debug|Win32
		{5DD5E82F-E77A-4D73-B380-FA8727D8AEBE}.Release|x64.ActiveCfg = Release|x64
		{5DD5E82F-E77A-4D73-B380-FA8727D8AEBE}.Release|x64.Build.0 = Release|x64
		{5DD5E82F-E77A-4D73-B380-FA8727D8AEBE}.Release|x86.ActiveCfg = Release|Win32
		{5DD5E82F-E77A-4D73-B380-FA8727D8AEBE}.Release|x86.Build.0 = Release|Win32
	EndGlobalSection
	GlobalSection(SolutionProperties) = preSolution
		HideSolutionNode = FALSE
	EndGlobalSection
	GlobalSection(ExtensibilityGlobals) = postSolution
		SolutionGuid = {0D8E3C98-39A9-40E9-9691-B1D3639D3AE6}
	EndGlobalSection
EndGlobal
