
Microsoft Visual Studio Solution File, Format Version 12.00
# Visual Studio Version 17
VisualStudioVersion = 17.11.35312.102
MinimumVisualStudioVersion = 10.0.40219.1
Project("{8BC9CEB8-8B4A-11D0-8D11-00A0C91BC942}") = "计税", "计税\计税.vcxproj", "{1F75BDE8-3EB0-4D69-9CF8-4CBF73B8BA2D}"
EndProject
Global
	GlobalSection(SolutionConfigurationPlatforms) = preSolution
		Debug|x64 = Debug|x64
		Debug|x86 = Debug|x86
		Release|x64 = Release|x64
		Release|x86 = Release|x86
	EndGlobalSection
	GlobalSection(ProjectConfigurationPlatforms) = postSolution
		{1F75BDE8-3EB0-4D69-9CF8-4CBF73B8BA2D}.Debug|x64.ActiveCfg = Debug|x64
		{1F75BDE8-3EB0-4D69-9CF8-4CBF73B8BA2D}.Debug|x64.Build.0 = Debug|x64
		{1F75BDE8-3EB0-4D69-9CF8-4CBF73B8BA2D}.Debug|x86.ActiveCfg = Debug|Win32
		{1F75BDE8-3EB0-4D69-9CF8-4CBF73B8BA2D}.Debug|x86.Build.0 = Debug|Win32
		{1F75BDE8-3EB0-4D69-9CF8-4CBF73B8BA2D}.Release|x64.ActiveCfg = Release|x64
		{1F75BDE8-3EB0-4D69-9CF8-4CBF73B8BA2D}.Release|x64.Build.0 = Release|x64
		{1F75BDE8-3EB0-4D69-9CF8-4CBF73B8BA2D}.Release|x86.ActiveCfg = Release|Win32
		{1F75BDE8-3EB0-4D69-9CF8-4CBF73B8BA2D}.Release|x86.Build.0 = Release|Win32
	EndGlobalSection
	GlobalSection(SolutionProperties) = preSolution
		HideSolutionNode = FALSE
	EndGlobalSection
	GlobalSection(ExtensibilityGlobals) = postSolution
		SolutionGuid = {9A3DC6E3-2417-4B47-9FBB-78A83B4B4F18}
	EndGlobalSection
EndGlobal
